
Microsoft Visual Studio Solution File, Format Version 12.00
# Visual Studio Version 17
VisualStudioVersion = 17.8.34525.116
MinimumVisualStudioVersion = 10.0.40219.1
Project("{FAE04EC0-301F-11D3-BF4B-00C04F79EFBC}") = "GameSaleProject", "GameSaleProject\GameSaleProject.csproj", "{60FD7904-A054-459F-99C0-9B9FFAF2CFAE}"
EndProject
Global
	GlobalSection(SolutionConfigurationPlatforms) = preSolution
		Debug|Any CPU = Debug|Any CPU
		Release|Any CPU = Release|Any CPU
	EndGlobalSection
	GlobalSection(ProjectConfigurationPlatforms) = postSolution
		{60FD7904-A054-459F-99C0-9B9FFAF2CFAE}.Debug|Any CPU.ActiveCfg = Debug|Any CPU
		{60FD7904-A054-459F-99C0-9B9FFAF2CFAE}.Debug|Any CPU.Build.0 = Debug|Any CPU
		{60FD7904-A054-459F-99C0-9B9FFAF2CFAE}.Release|Any CPU.ActiveCfg = Release|Any CPU
		{60FD7904-A054-459F-99C0-9B9FFAF2CFAE}.Release|Any CPU.Build.0 = Release|Any CPU
	EndGlobalSection
	GlobalSection(SolutionProperties) = preSolution
		HideSolutionNode = FALSE
	EndGlobalSection
	GlobalSection(ExtensibilityGlobals) = postSolution
		SolutionGuid = {E95B3DB1-1A95-4F7C-B2D6-F9AE2EDB8626}
	EndGlobalSection
EndGlobal
